{
  "nodes": {
    "nixpkgs": {
      "locked": {
        "lastModified": 1730883749,
        "narHash": "sha256-mwrFF0vElHJP8X3pFCByJR365Q2463ATp2qGIrDUdlE=",
        "rev": "dba414932936fde69f0606b4f1d87c5bc0003ede",
        "revCount": 636428,
        "type": "tarball",
        "url": "https://api.flakehub.com/f/pinned/NixOS/nixpkgs/0.2405.636428%2Brev-dba414932936fde69f0606b4f1d87c5bc0003ede/0193059c-0389-7e03-9f92-2e5a8580ef70/source.tar.gz"
      },
      "original": {
        "type": "tarball",
        "url": "https://flakehub.com/f/NixOS/nixpkgs/0.2405.%2A.tar.gz"
      }
    },
    "root": {
      "inputs": {
        "nixpkgs": "nixpkgs"
      }
    }
  },
  "root": "root",
  "version": 7
}
